{
  "requires": true,
  "lockfileVersion": 1,
  "dependencies": {
    "@angular/http": {
      "version": "5.2.3",
      "resolved": "https://registry.npmjs.org/@angular/http/-/http-5.2.3.tgz",
      "integrity": "sha512-3kAj7YYws8J2zRu46fEXk6lYrgSK9s5YA6O4REZkLox/suK0wb6TsDIIhoMzScGctSzZESVyuWsvYMrDYCflPA==",
      "requires": {
        "tslib": "1.9.0"
      }
    },
    "tslib": {
      "version": "1.9.0",
      "resolved": "https://registry.npmjs.org/tslib/-/tslib-1.9.0.tgz",
      "integrity": "sha512-f/qGG2tUkrISBlQZEjEqoZ3B2+npJjIf04H1wuAv9iA8i04Icp+61KRXxFdha22670NJopsZCIjhC3SnjPRKrQ=="
    }
  }
}
